
Microsoft Visual Studio Solution File, Format Version 12.00
# Visual Studio Version 17
VisualStudioVersion = 17.7.34024.191
MinimumVisualStudioVersion = 10.0.40219.1
Project("{FAE04EC0-301F-11D3-BF4B-00C04F79EFBC}") = "githubapp2", "githubapp2\githubapp2.csproj", "{DADDAEF5-2B1E-469D-B318-D5E009605D7F}"
EndProject
Global
	GlobalSection(SolutionConfigurationPlatforms) = preSolution
		Debug|Any CPU = Debug|Any CPU
		Release|Any CPU = Release|Any CPU
	EndGlobalSection
	GlobalSection(ProjectConfigurationPlatforms) = postSolution
		{DADDAEF5-2B1E-469D-B318-D5E009605D7F}.Debug|Any CPU.ActiveCfg = Debug|Any CPU
		{DADDAEF5-2B1E-469D-B318-D5E009605D7F}.Debug|Any CPU.Build.0 = Debug|Any CPU
		{DADDAEF5-2B1E-469D-B318-D5E009605D7F}.Release|Any CPU.ActiveCfg = Release|Any CPU
		{DADDAEF5-2B1E-469D-B318-D5E009605D7F}.Release|Any CPU.Build.0 = Release|Any CPU
	EndGlobalSection
	GlobalSection(SolutionProperties) = preSolution
		HideSolutionNode = FALSE
	EndGlobalSection
	GlobalSection(ExtensibilityGlobals) = postSolution
		SolutionGuid = {92740B7C-4AB7-4F39-AF0B-1BDBBB93E75B}
	EndGlobalSection
EndGlobal
